
Microsoft Visual Studio Solution File, Format Version 12.00
# Visual Studio Version 17
VisualStudioVersion = 17.2.32526.322
MinimumVisualStudioVersion = 10.0.40219.1
Project("{888888A0-9F3D-457C-B088-3A5042F75D52}") = "Story_Generator", "Story_Generator.pyproj", "{F0AE6F70-E154-4A52-A72C-26C6E8530EF4}"
EndProject
Global
	GlobalSection(SolutionConfigurationPlatforms) = preSolution
		Debug|Any CPU = Debug|Any CPU
		Release|Any CPU = Release|Any CPU
	EndGlobalSection
	GlobalSection(ProjectConfigurationPlatforms) = postSolution
		{F0AE6F70-E154-4A52-A72C-26C6E8530EF4}.Debug|Any CPU.ActiveCfg = Debug|Any CPU
		{F0AE6F70-E154-4A52-A72C-26C6E8530EF4}.Release|Any CPU.ActiveCfg = Release|Any CPU
	EndGlobalSection
	GlobalSection(SolutionProperties) = preSolution
		HideSolutionNode = FALSE
	EndGlobalSection
	GlobalSection(ExtensibilityGlobals) = postSolution
		SolutionGuid = {BA058D6D-4DB0-494A-BF0B-3ACCD0EE1F91}
	EndGlobalSection
EndGlobal
